
Microsoft Visual Studio Solution File, Format Version 12.00
# Visual Studio 15
VisualStudioVersion = 15.0.27703.2042
MinimumVisualStudioVersion = 10.0.40219.1
Project("{FAE04EC0-301F-11D3-BF4B-00C04F79EFBC}") = "MemoryAlert", "MemoryAlert\MemoryAlert.csproj", "{F5ED5F9C-1352-4C72-B7F2-BB2C2E135CA5}"
EndProject
Global
	GlobalSection(SolutionConfigurationPlatforms) = preSolution
		Debug|Any CPU = Debug|Any CPU
		Release|Any CPU = Release|Any CPU
	EndGlobalSection
	GlobalSection(ProjectConfigurationPlatforms) = postSolution
		{F5ED5F9C-1352-4C72-B7F2-BB2C2E135CA5}.Debug|Any CPU.ActiveCfg = Debug|Any CPU
		{F5ED5F9C-1352-4C72-B7F2-BB2C2E135CA5}.Debug|Any CPU.Build.0 = Debug|Any CPU
		{F5ED5F9C-1352-4C72-B7F2-BB2C2E135CA5}.Release|Any CPU.ActiveCfg = Release|Any CPU
		{F5ED5F9C-1352-4C72-B7F2-BB2C2E135CA5}.Release|Any CPU.Build.0 = Release|Any CPU
	EndGlobalSection
	GlobalSection(SolutionProperties) = preSolution
		HideSolutionNode = FALSE
	EndGlobalSection
	GlobalSection(ExtensibilityGlobals) = postSolution
		SolutionGuid = {F8467428-5454-480D-B69A-2463CD846B98}
	EndGlobalSection
EndGlobal
